
Microsoft Visual Studio Solution File, Format Version 12.00
# Visual Studio Version 17
VisualStudioVersion = 17.7.34018.315
MinimumVisualStudioVersion = 10.0.40219.1
Project("{FAE04EC0-301F-11D3-BF4B-00C04F79EFBC}") = "BikeConnection", "BikeConnection\BikeConnection.csproj", "{8A040D3B-BD57-4003-9C6E-ACD47E3903AB}"
EndProject
Project("{FAE04EC0-301F-11D3-BF4B-00C04F79EFBC}") = "VRConnection", "VRConnection\VRConnection.csproj", "{CC84E220-1049-4D69-8111-FD0B64220CDA}"
EndProject
Project("{FAE04EC0-301F-11D3-BF4B-00C04F79EFBC}") = "Server", "Server\Server.csproj", "{96DF5FA4-9630-4F35-8283-2DAB1A9383EA}"
EndProject
Project("{FAE04EC0-301F-11D3-BF4B-00C04F79EFBC}") = "PatientApp", "PatientApp\PatientApp.csproj", "{EFFCFABD-6168-44A3-9E18-AD8DD03AEB20}"
EndProject
Project("{FAE04EC0-301F-11D3-BF4B-00C04F79EFBC}") = "DoctorApp", "DoctorApp\DoctorApp.csproj", "{4D67B56A-AF92-438E-86B6-402712ED534F}"
EndProject
Global
	GlobalSection(SolutionConfigurationPlatforms) = preSolution
		Debug|Any CPU = Debug|Any CPU
		Release|Any CPU = Release|Any CPU
	EndGlobalSection
	GlobalSection(ProjectConfigurationPlatforms) = postSolution
		{8A040D3B-BD57-4003-9C6E-ACD47E3903AB}.Debug|Any CPU.ActiveCfg = Debug|Any CPU
		{8A040D3B-BD57-4003-9C6E-ACD47E3903AB}.Debug|Any CPU.Build.0 = Debug|Any CPU
		{8A040D3B-BD57-4003-9C6E-ACD47E3903AB}.Release|Any CPU.ActiveCfg = Release|Any CPU
		{8A040D3B-BD57-4003-9C6E-ACD47E3903AB}.Release|Any CPU.Build.0 = Release|Any CPU
		{CC84E220-1049-4D69-8111-FD0B64220CDA}.Debug|Any CPU.ActiveCfg = Debug|Any CPU
		{CC84E220-1049-4D69-8111-FD0B64220CDA}.Debug|Any CPU.Build.0 = Debug|Any CPU
		{CC84E220-1049-4D69-8111-FD0B64220CDA}.Release|Any CPU.ActiveCfg = Release|Any CPU
		{CC84E220-1049-4D69-8111-FD0B64220CDA}.Release|Any CPU.Build.0 = Release|Any CPU
		{96DF5FA4-9630-4F35-8283-2DAB1A9383EA}.Debug|Any CPU.ActiveCfg = Debug|Any CPU
		{96DF5FA4-9630-4F35-8283-2DAB1A9383EA}.Debug|Any CPU.Build.0 = Debug|Any CPU
		{96DF5FA4-9630-4F35-8283-2DAB1A9383EA}.Release|Any CPU.ActiveCfg = Release|Any CPU
		{96DF5FA4-9630-4F35-8283-2DAB1A9383EA}.Release|Any CPU.Build.0 = Release|Any CPU
		{EFFCFABD-6168-44A3-9E18-AD8DD03AEB20}.Debug|Any CPU.ActiveCfg = Debug|Any CPU
		{EFFCFABD-6168-44A3-9E18-AD8DD03AEB20}.Debug|Any CPU.Build.0 = Debug|Any CPU
		{EFFCFABD-6168-44A3-9E18-AD8DD03AEB20}.Release|Any CPU.ActiveCfg = Release|Any CPU
		{EFFCFABD-6168-44A3-9E18-AD8DD03AEB20}.Release|Any CPU.Build.0 = Release|Any CPU
		{4D67B56A-AF92-438E-86B6-402712ED534F}.Debug|Any CPU.ActiveCfg = Debug|Any CPU
		{4D67B56A-AF92-438E-86B6-402712ED534F}.Debug|Any CPU.Build.0 = Debug|Any CPU
		{4D67B56A-AF92-438E-86B6-402712ED534F}.Release|Any CPU.ActiveCfg = Release|Any CPU
		{4D67B56A-AF92-438E-86B6-402712ED534F}.Release|Any CPU.Build.0 = Release|Any CPU
	EndGlobalSection
	GlobalSection(SolutionProperties) = preSolution
		HideSolutionNode = FALSE
	EndGlobalSection
EndGlobal
